<?xml version="1.0" encoding="utf-8"?>
<Project ToolsVersion="4.0" xmlns="http://schemas.microsoft.com/developer/msbuild/2003">
  <ItemGroup>
    <Filter Include="Source Files">
      <UniqueIdentifier>{4FC737F1-C7A5-4376-A066-2A32D752A2FF}</UniqueIdentifier>
      <Extensions>cpp;c;cc;cxx;c++;cppm;ixx;def;odl;idl;hpj;bat;asm;asmx</Extensions>
    </Filter>
    <Filter Include="Header Files">
      <UniqueIdentifier>{93995380-89BD-4b04-88EB-625FBE52EBFB}</UniqueIdentifier>
      <Extensions>h;hh;hpp;hxx;h++;hm;inl;inc;ipp;xsd</Extensions>
    </Filter>
    <Filter Include="Resource Files">
      <UniqueIdentifier>{67DA6AB6-F800-4c08-8B7A-83BB121AAD01}</UniqueIdentifier>
      <Extensions>rc;ico;cur;bmp;dlg;rc2;rct;bin;rgs;gif;jpg;jpeg;jpe;resx;tiff;tif;png;wav;mfcribbon-ms</Extensions>
    </Filter>
  </ItemGroup>
  <ItemGroup>
    <ClCompile Include="..\common\authentication.c">
      <Filter>Source Files</Filter>
    </ClCompile>
    <ClCompile Include="..\common\byte_swapping.c">
      <Filter>Source Files</Filter>
    </ClCompile>
    <ClCompile Include="..\common\cseries.c">
      <Filter>Source Files</Filter>
    </ClCompile>
    <ClCompile Include="..\common\game_search_packets.c">
      <Filter>Source Files</Filter>
    </ClCompile>
    <ClCompile Include="..\common\metaserver_packets.c">
      <Filter>Source Files</Filter>
    </ClCompile>
    <ClCompile Include="..\common\network_queues.c">
      <Filter>Source Files</Filter>
    </ClCompile>
    <ClCompile Include="..\common\order_stats.c">
      <Filter>Source Files</Filter>
    </ClCompile>
    <ClCompile Include="..\common\player_search_packets.c">
      <Filter>Source Files</Filter>
    </ClCompile>
    <ClCompile Include="..\common\rb_tree.c">
      <Filter>Source Files</Filter>
    </ClCompile>
    <ClCompile Include="..\common\room_packets.c">
      <Filter>Source Files</Filter>
    </ClCompile>
    <ClCompile Include="..\common\sl_list.c">
      <Filter>Source Files</Filter>
    </ClCompile>
    <ClCompile Include="..\common\stats.c">
      <Filter>Source Files</Filter>
    </ClCompile>
    <ClCompile Include="..\common\update_server_packets.c">
      <Filter>Source Files</Filter>
    </ClCompile>
    <ClCompile Include="..\common\web_server_packets.c">
      <Filter>Source Files</Filter>
    </ClCompile>
    <ClCompile Include="..\game_search_new\game_search_server.c">
      <Filter>Source Files</Filter>
    </ClCompile>
    <ClCompile Include="..\game_search_new\games_list.c">
      <Filter>Source Files</Filter>
    </ClCompile>
    <ClCompile Include="..\room_new\games.c">
      <Filter>Source Files</Filter>
    </ClCompile>
    <ClCompile Include="..\room_new\games_log.c">
      <Filter>Source Files</Filter>
    </ClCompile>
    <ClCompile Include="..\room_new\remote_commands.c">
      <Filter>Source Files</Filter>
    </ClCompile>
    <ClCompile Include="..\room_new\roomd_new.c">
      <Filter>Source Files</Filter>
    </ClCompile>
    <ClCompile Include="..\room_new\server_code.c">
      <Filter>Source Files</Filter>
    </ClCompile>
    <ClCompile Include="..\users_new\game_evaluator.c">
      <Filter>Source Files</Filter>
    </ClCompile>
    <ClCompile Include="..\users_new\main.c">
      <Filter>Source Files</Filter>
    </ClCompile>
    <ClCompile Include="..\users_new\orders.c">
      <Filter>Source Files</Filter>
    </ClCompile>
    <ClCompile Include="..\users_new\rank.c">
      <Filter>Source Files</Filter>
    </ClCompile>
    <ClCompile Include="..\users_new\room_list_file.c">
      <Filter>Source Files</Filter>
    </ClCompile>
    <ClCompile Include="..\users_new\users.c">
      <Filter>Source Files</Filter>
    </ClCompile>
    <ClCompile Include="..\utils\environment.c">
      <Filter>Source Files</Filter>
    </ClCompile>
  </ItemGroup>
  <ItemGroup>
    <ClInclude Include="..\common\authentication.h">
      <Filter>Header Files</Filter>
    </ClInclude>
    <ClInclude Include="..\common\byte_swapping.h">
      <Filter>Header Files</Filter>
    </ClInclude>
    <ClInclude Include="..\common\caste.h">
      <Filter>Header Files</Filter>
    </ClInclude>
    <ClInclude Include="..\common\cseries.h">
      <Filter>Header Files</Filter>
    </ClInclude>
    <ClInclude Include="..\common\game_search_packets.h">
      <Filter>Header Files</Filter>
    </ClInclude>
    <ClInclude Include="..\common\game_search_types.h">
      <Filter>Header Files</Filter>
    </ClInclude>
    <ClInclude Include="..\common\metaserver_codes.h">
      <Filter>Header Files</Filter>
    </ClInclude>
    <ClInclude Include="..\common\metaserver_common_structs.h">
      <Filter>Header Files</Filter>
    </ClInclude>
    <ClInclude Include="..\common\metaserver_packets.h">
      <Filter>Header Files</Filter>
    </ClInclude>
    <ClInclude Include="..\common\network_queues.h">
      <Filter>Header Files</Filter>
    </ClInclude>
    <ClInclude Include="..\common\order_stats.h">
      <Filter>Header Files</Filter>
    </ClInclude>
    <ClInclude Include="..\common\platform.h">
      <Filter>Header Files</Filter>
    </ClInclude>
    <ClInclude Include="..\common\player_search_packets.h">
      <Filter>Header Files</Filter>
    </ClInclude>
    <ClInclude Include="..\common\rb_tree.h">
      <Filter>Header Files</Filter>
    </ClInclude>
    <ClInclude Include="..\common\room_packets.h">
      <Filter>Header Files</Filter>
    </ClInclude>
    <ClInclude Include="..\common\sl_list.h">
      <Filter>Header Files</Filter>
    </ClInclude>
    <ClInclude Include="..\common\stats.h">
      <Filter>Header Files</Filter>
    </ClInclude>
    <ClInclude Include="..\common\update_server_packets.h">
      <Filter>Header Files</Filter>
    </ClInclude>
    <ClInclude Include="..\common\web_server_packets.h">
      <Filter>Header Files</Filter>
    </ClInclude>
    <ClInclude Include="..\game_search_new\games_list.h">
      <Filter>Header Files</Filter>
    </ClInclude>
    <ClInclude Include="..\room_new\games.h">
      <Filter>Header Files</Filter>
    </ClInclude>
    <ClInclude Include="..\room_new\games_log.h">
      <Filter>Header Files</Filter>
    </ClInclude>
    <ClInclude Include="..\room_new\remote_commands.h">
      <Filter>Header Files</Filter>
    </ClInclude>
    <ClInclude Include="..\room_new\room_globals.h">
      <Filter>Header Files</Filter>
    </ClInclude>
    <ClInclude Include="..\room_new\server_code.h">
      <Filter>Header Files</Filter>
    </ClInclude>
    <ClInclude Include="..\users_new\bungie_net_order.h">
      <Filter>Header Files</Filter>
    </ClInclude>
    <ClInclude Include="..\users_new\bungie_net_player.h">
      <Filter>Header Files</Filter>
    </ClInclude>
    <ClInclude Include="..\users_new\orders.h">
      <Filter>Header Files</Filter>
    </ClInclude>
    <ClInclude Include="..\users_new\rank.h">
      <Filter>Header Files</Filter>
    </ClInclude>
    <ClInclude Include="..\users_new\room_list_file.h">
      <Filter>Header Files</Filter>
    </ClInclude>
    <ClInclude Include="..\users_new\users.h">
      <Filter>Header Files</Filter>
    </ClInclude>
    <ClInclude Include="..\utils\environment.h">
      <Filter>Header Files</Filter>
    </ClInclude>
  </ItemGroup>
  <ItemGroup>
    <Text Include="..\utils\environment_settings.c.txt">
      <Filter>Source Files</Filter>
    </Text>
  </ItemGroup>
</Project>